{
  "originHash" : "3eff510532cbd886b428b7d14e1f4ed286820714fa9ef4fbe832fd481f0742d1",
  "pins" : [
    {
      "identity" : "kmm-viewmodel",
      "kind" : "remoteSourceControl",
      "location" : "https://github.com/rickclephas/KMM-ViewModel.git",
      "state" : {
        "revision" : "677d657ed678fadf50efac37b5d177170d6873a8",
        "version" : "1.0.0-ALPHA-20"
      }
    },
    {
      "identity" : "kmp-observableviewmodel",
      "kind" : "remoteSourceControl",
      "location" : "https://github.com/rickclephas/KMP-ObservableViewModel.git",
      "state" : {
        "branch" : "master",
        "revision" : "89702476b2c91ea30b3fa08b5dfb843ac3915beb"
      }
    }
  ],
  "version" : 3
}
