// !$*UTF8*$!
{
	archiveVersion = 1;
	classes = {
	};
	objectVersion = 56;
	objects = {

/* Begin PBXBuildFile section */
		BF104B0C2BED41390046917B /* KMPObservableViewModel.swift in Sources */ = {isa = PBXBuildFile; fileRef = BF104B0B2BED41390046917B /* KMPObservableViewModel.swift */; };
		BF82DAD02BFA279E00832E4D /* KMPObservableViewModelSwiftUI in Frameworks */ = {isa = PBXBuildFile; productRef = BF82DACF2BFA279E00832E4D /* KMPObservableViewModelSwiftUI */; };
		BF82DAD22BFA27C200832E4D /* KMPObservableViewModelSwiftUI in Frameworks */ = {isa = PBXBuildFile; productRef = BF82DAD12BFA27C200832E4D /* KMPObservableViewModelSwiftUI */; };
		BF8748C82BBF4342003493D5 /* iOSApp.swift in Sources */ = {isa = PBXBuildFile; fileRef = BF8748C72BBF4342003493D5 /* iOSApp.swift */; };
		BF8748CA2BBF4342003493D5 /* ContentView.swift in Sources */ = {isa = PBXBuildFile; fileRef = BF8748C92BBF4342003493D5 /* ContentView.swift */; };
		BF8748CC2BBF4343003493D5 /* Assets.xcassets in Resources */ = {isa = PBXBuildFile; fileRef = BF8748CB2BBF4343003493D5 /* Assets.xcassets */; };
		BF8748CF2BBF4343003493D5 /* Preview Assets.xcassets in Resources */ = {isa = PBXBuildFile; fileRef = BF8748CE2BBF4343003493D5 /* Preview Assets.xcassets */; };
		BF8748DB2BBF44E4003493D5 /* macOSApp.swift in Sources */ = {isa = PBXBuildFile; fileRef = BF8748DA2BBF44E4003493D5 /* macOSApp.swift */; };
		BF8748DD2BBF44E4003493D5 /* ContentView.swift in Sources */ = {isa = PBXBuildFile; fileRef = BF8748DC2BBF44E4003493D5 /* ContentView.swift */; };
		BF8748DF2BBF44E6003493D5 /* Assets.xcassets in Resources */ = {isa = PBXBuildFile; fileRef = BF8748DE2BBF44E6003493D5 /* Assets.xcassets */; };
		BF8748E22BBF44E6003493D5 /* Preview Assets.xcassets in Resources */ = {isa = PBXBuildFile; fileRef = BF8748E12BBF44E6003493D5 /* Preview Assets.xcassets */; };
		BF8748EF2BBF45B9003493D5 /* iOSAppCompose.swift in Sources */ = {isa = PBXBuildFile; fileRef = BF8748EE2BBF45B9003493D5 /* iOSAppCompose.swift */; };
		BF8748F12BBF45B9003493D5 /* ContentView.swift in Sources */ = {isa = PBXBuildFile; fileRef = BF8748F02BBF45B9003493D5 /* ContentView.swift */; };
		BF8748F32BBF45BA003493D5 /* Assets.xcassets in Resources */ = {isa = PBXBuildFile; fileRef = BF8748F22BBF45BA003493D5 /* Assets.xcassets */; };
		BF8748F62BBF45BA003493D5 /* Preview Assets.xcassets in Resources */ = {isa = PBXBuildFile; fileRef = BF8748F52BBF45BA003493D5 /* Preview Assets.xcassets */; };
		BFCCCB652BEE1E5B00749584 /* KMPObservableViewModel.swift in Sources */ = {isa = PBXBuildFile; fileRef = BFCCCB642BEE1E5B00749584 /* KMPObservableViewModel.swift */; };
/* End PBXBuildFile section */

/* Begin PBXFileReference section */
		BF104B0B2BED41390046917B /* KMPObservableViewModel.swift */ = {isa = PBXFileReference; lastKnownFileType = sourcecode.swift; path = KMPObservableViewModel.swift; sourceTree = "<group>"; };
		BF8748C52BBF4342003493D5 /* iOSApp.app */ = {isa = PBXFileReference; explicitFileType = wrapper.application; includeInIndex = 0; path = iOSApp.app; sourceTree = BUILT_PRODUCTS_DIR; };
		BF8748C72BBF4342003493D5 /* iOSApp.swift */ = {isa = PBXFileReference; lastKnownFileType = sourcecode.swift; path = iOSApp.swift; sourceTree = "<group>"; };
		BF8748C92BBF4342003493D5 /* ContentView.swift */ = {isa = PBXFileReference; lastKnownFileType = sourcecode.swift; path = ContentView.swift; sourceTree = "<group>"; };
		BF8748CB2BBF4343003493D5 /* Assets.xcassets */ = {isa = PBXFileReference; lastKnownFileType = folder.assetcatalog; path = Assets.xcassets; sourceTree = "<group>"; };
		BF8748CE2BBF4343003493D5 /* Preview Assets.xcassets */ = {isa = PBXFileReference; lastKnownFileType = folder.assetcatalog; path = "Preview Assets.xcassets"; sourceTree = "<group>"; };
		BF8748D82BBF44E4003493D5 /* macOSApp.app */ = {isa = PBXFileReference; explicitFileType = wrapper.application; includeInIndex = 0; path = macOSApp.app; sourceTree = BUILT_PRODUCTS_DIR; };
		BF8748DA2BBF44E4003493D5 /* macOSApp.swift */ = {isa = PBXFileReference; lastKnownFileType = sourcecode.swift; path = macOSApp.swift; sourceTree = "<group>"; };
		BF8748DC2BBF44E4003493D5 /* ContentView.swift */ = {isa = PBXFileReference; lastKnownFileType = sourcecode.swift; path = ContentView.swift; sourceTree = "<group>"; };
		BF8748DE2BBF44E6003493D5 /* Assets.xcassets */ = {isa = PBXFileReference; lastKnownFileType = folder.assetcatalog; path = Assets.xcassets; sourceTree = "<group>"; };
		BF8748E12BBF44E6003493D5 /* Preview Assets.xcassets */ = {isa = PBXFileReference; lastKnownFileType = folder.assetcatalog; path = "Preview Assets.xcassets"; sourceTree = "<group>"; };
		BF8748E32BBF44E6003493D5 /* macOSApp.entitlements */ = {isa = PBXFileReference; lastKnownFileType = text.plist.entitlements; path = macOSApp.entitlements; sourceTree = "<group>"; };
		BF8748EC2BBF45B9003493D5 /* iOSAppCompose.app */ = {isa = PBXFileReference; explicitFileType = wrapper.application; includeInIndex = 0; path = iOSAppCompose.app; sourceTree = BUILT_PRODUCTS_DIR; };
		BF8748EE2BBF45B9003493D5 /* iOSAppCompose.swift */ = {isa = PBXFileReference; lastKnownFileType = sourcecode.swift; path = iOSAppCompose.swift; sourceTree = "<group>"; };
		BF8748F02BBF45B9003493D5 /* ContentView.swift */ = {isa = PBXFileReference; lastKnownFileType = sourcecode.swift; path = ContentView.swift; sourceTree = "<group>"; };
		BF8748F22BBF45BA003493D5 /* Assets.xcassets */ = {isa = PBXFileReference; lastKnownFileType = folder.assetcatalog; path = Assets.xcassets; sourceTree = "<group>"; };
		BF8748F52BBF45BA003493D5 /* Preview Assets.xcassets */ = {isa = PBXFileReference; lastKnownFileType = folder.assetcatalog; path = "Preview Assets.xcassets"; sourceTree = "<group>"; };
		BFCCCB642BEE1E5B00749584 /* KMPObservableViewModel.swift */ = {isa = PBXFileReference; lastKnownFileType = sourcecode.swift; path = KMPObservableViewModel.swift; sourceTree = "<group>"; };
/* End PBXFileReference section */

/* Begin PBXFrameworksBuildPhase section */
		BF8748C22BBF4342003493D5 /* Frameworks */ = {
			isa = PBXFrameworksBuildPhase;
			buildActionMask = 2147483647;
			files = (
				BF82DAD02BFA279E00832E4D /* KMPObservableViewModelSwiftUI in Frameworks */,
			);
			runOnlyForDeploymentPostprocessing = 0;
		};
		BF8748D52BBF44E4003493D5 /* Frameworks */ = {
			isa = PBXFrameworksBuildPhase;
			buildActionMask = 2147483647;
			files = (
				BF82DAD22BFA27C200832E4D /* KMPObservableViewModelSwiftUI in Frameworks */,
			);
			runOnlyForDeploymentPostprocessing = 0;
		};
		BF8748E92BBF45B9003493D5 /* Frameworks */ = {
			isa = PBXFrameworksBuildPhase;
			buildActionMask = 2147483647;
			files = (
			);
			runOnlyForDeploymentPostprocessing = 0;
		};
/* End PBXFrameworksBuildPhase section */

/* Begin PBXGroup section */
		BF104B0D2BED419D0046917B /* Frameworks */ = {
			isa = PBXGroup;
			children = (
			);
			name = Frameworks;
			sourceTree = "<group>";
		};
		BF8748A72BBF427F003493D5 = {
			isa = PBXGroup;
			children = (
				BF8748D92BBF44E4003493D5 /* macOSApp */,
				BF8748C62BBF4342003493D5 /* iOSApp */,
				BF8748ED2BBF45B9003493D5 /* iOSAppCompose */,
				BF8748B12BBF427F003493D5 /* Products */,
				BF104B0D2BED419D0046917B /* Frameworks */,
			);
			sourceTree = "<group>";
		};
		BF8748B12BBF427F003493D5 /* Products */ = {
			isa = PBXGroup;
			children = (
				BF8748C52BBF4342003493D5 /* iOSApp.app */,
				BF8748D82BBF44E4003493D5 /* macOSApp.app */,
				BF8748EC2BBF45B9003493D5 /* iOSAppCompose.app */,
			);
			name = Products;
			sourceTree = "<group>";
		};
		BF8748C62BBF4342003493D5 /* iOSApp */ = {
			isa = PBXGroup;
			children = (
				BF8748C72BBF4342003493D5 /* iOSApp.swift */,
				BF8748C92BBF4342003493D5 /* ContentView.swift */,
				BFCCCB642BEE1E5B00749584 /* KMPObservableViewModel.swift */,
				BF8748CB2BBF4343003493D5 /* Assets.xcassets */,
				BF8748CD2BBF4343003493D5 /* Preview Content */,
			);
			path = iOSApp;
			sourceTree = "<group>";
		};
		BF8748CD2BBF4343003493D5 /* Preview Content */ = {
			isa = PBXGroup;
			children = (
				BF8748CE2BBF4343003493D5 /* Preview Assets.xcassets */,
			);
			path = "Preview Content";
			sourceTree = "<group>";
		};
		BF8748D92BBF44E4003493D5 /* macOSApp */ = {
			isa = PBXGroup;
			children = (
				BF8748DA2BBF44E4003493D5 /* macOSApp.swift */,
				BF8748DC2BBF44E4003493D5 /* ContentView.swift */,
				BF104B0B2BED41390046917B /* KMPObservableViewModel.swift */,
				BF8748DE2BBF44E6003493D5 /* Assets.xcassets */,
				BF8748E32BBF44E6003493D5 /* macOSApp.entitlements */,
				BF8748E02BBF44E6003493D5 /* Preview Content */,
			);
			path = macOSApp;
			sourceTree = "<group>";
		};
		BF8748E02BBF44E6003493D5 /* Preview Content */ = {
			isa = PBXGroup;
			children = (
				BF8748E12BBF44E6003493D5 /* Preview Assets.xcassets */,
			);
			path = "Preview Content";
			sourceTree = "<group>";
		};
		BF8748ED2BBF45B9003493D5 /* iOSAppCompose */ = {
			isa = PBXGroup;
			children = (
				BF8748EE2BBF45B9003493D5 /* iOSAppCompose.swift */,
				BF8748F02BBF45B9003493D5 /* ContentView.swift */,
				BF8748F22BBF45BA003493D5 /* Assets.xcassets */,
				BF8748F42BBF45BA003493D5 /* Preview Content */,
			);
			path = iOSAppCompose;
			sourceTree = "<group>";
		};
		BF8748F42BBF45BA003493D5 /* Preview Content */ = {
			isa = PBXGroup;
			children = (
				BF8748F52BBF45BA003493D5 /* Preview Assets.xcassets */,
			);
			path = "Preview Content";
			sourceTree = "<group>";
		};
/* End PBXGroup section */

/* Begin PBXNativeTarget section */
		BF8748C42BBF4342003493D5 /* iOSApp */ = {
			isa = PBXNativeTarget;
			buildConfigurationList = BF8748D02BBF4343003493D5 /* Build configuration list for PBXNativeTarget "iOSApp" */;
			buildPhases = (
				BF8748D32BBF4374003493D5 /* ShellScript */,
				BF8748C12BBF4342003493D5 /* Sources */,
				BF8748C22BBF4342003493D5 /* Frameworks */,
				BF8748C32BBF4342003493D5 /* Resources */,
			);
			buildRules = (
			);
			dependencies = (
			);
			name = iOSApp;
			packageProductDependencies = (
				BF82DACF2BFA279E00832E4D /* KMPObservableViewModelSwiftUI */,
			);
			productName = iOSApp;
			productReference = BF8748C52BBF4342003493D5 /* iOSApp.app */;
			productType = "com.apple.product-type.application";
		};
		BF8748D72BBF44E4003493D5 /* macOSApp */ = {
			isa = PBXNativeTarget;
			buildConfigurationList = BF8748E42BBF44E6003493D5 /* Build configuration list for PBXNativeTarget "macOSApp" */;
			buildPhases = (
				BF8748E72BBF4507003493D5 /* ShellScript */,
				BF8748D42BBF44E4003493D5 /* Sources */,
				BF8748D52BBF44E4003493D5 /* Frameworks */,
				BF8748D62BBF44E4003493D5 /* Resources */,
			);
			buildRules = (
			);
			dependencies = (
			);
			name = macOSApp;
			packageProductDependencies = (
				BF82DAD12BFA27C200832E4D /* KMPObservableViewModelSwiftUI */,
			);
			productName = macOSApp;
			productReference = BF8748D82BBF44E4003493D5 /* macOSApp.app */;
			productType = "com.apple.product-type.application";
		};
		BF8748EB2BBF45B9003493D5 /* iOSAppCompose */ = {
			isa = PBXNativeTarget;
			buildConfigurationList = BF8748F72BBF45BA003493D5 /* Build configuration list for PBXNativeTarget "iOSAppCompose" */;
			buildPhases = (
				BF8748FA2BBF45F5003493D5 /* ShellScript */,
				BF8748E82BBF45B9003493D5 /* Sources */,
				BF8748E92BBF45B9003493D5 /* Frameworks */,
				BF8748EA2BBF45B9003493D5 /* Resources */,
			);
			buildRules = (
			);
			dependencies = (
			);
			name = iOSAppCompose;
			productName = iOSAppCompose;
			productReference = BF8748EC2BBF45B9003493D5 /* iOSAppCompose.app */;
			productType = "com.apple.product-type.application";
		};
/* End PBXNativeTarget section */

/* Begin PBXProject section */
		BF8748A82BBF427F003493D5 /* Project object */ = {
			isa = PBXProject;
			attributes = {
				BuildIndependentTargetsInParallel = 1;
				LastSwiftUpdateCheck = 1530;
				LastUpgradeCheck = 1530;
				TargetAttributes = {
					BF8748C42BBF4342003493D5 = {
						CreatedOnToolsVersion = 15.3;
					};
					BF8748D72BBF44E4003493D5 = {
						CreatedOnToolsVersion = 15.3;
					};
					BF8748EB2BBF45B9003493D5 = {
						CreatedOnToolsVersion = 15.3;
					};
				};
			};
			buildConfigurationList = BF8748AB2BBF427F003493D5 /* Build configuration list for PBXProject "PickerKotlinSampleCore" */;
			compatibilityVersion = "Xcode 14.0";
			developmentRegion = en;
			hasScannedForEncodings = 0;
			knownRegions = (
				en,
				Base,
			);
			mainGroup = BF8748A72BBF427F003493D5;
			packageReferences = (
				BF104B0A2BED40C40046917B /* XCRemoteSwiftPackageReference "KMM-ViewModel" */,
				BF82DACC2BFA279E00832E4D /* XCRemoteSwiftPackageReference "KMP-ObservableViewModel" */,
			);
			productRefGroup = BF8748B12BBF427F003493D5 /* Products */;
			projectDirPath = "";
			projectRoot = "";
			targets = (
				BF8748D72BBF44E4003493D5 /* macOSApp */,
				BF8748C42BBF4342003493D5 /* iOSApp */,
				BF8748EB2BBF45B9003493D5 /* iOSAppCompose */,
			);
		};
/* End PBXProject section */

/* Begin PBXResourcesBuildPhase section */
		BF8748C32BBF4342003493D5 /* Resources */ = {
			isa = PBXResourcesBuildPhase;
			buildActionMask = 2147483647;
			files = (
				BF8748CF2BBF4343003493D5 /* Preview Assets.xcassets in Resources */,
				BF8748CC2BBF4343003493D5 /* Assets.xcassets in Resources */,
			);
			runOnlyForDeploymentPostprocessing = 0;
		};
		BF8748D62BBF44E4003493D5 /* Resources */ = {
			isa = PBXResourcesBuildPhase;
			buildActionMask = 2147483647;
			files = (
				BF8748E22BBF44E6003493D5 /* Preview Assets.xcassets in Resources */,
				BF8748DF2BBF44E6003493D5 /* Assets.xcassets in Resources */,
			);
			runOnlyForDeploymentPostprocessing = 0;
		};
		BF8748EA2BBF45B9003493D5 /* Resources */ = {
			isa = PBXResourcesBuildPhase;
			buildActionMask = 2147483647;
			files = (
				BF8748F62BBF45BA003493D5 /* Preview Assets.xcassets in Resources */,
				BF8748F32BBF45BA003493D5 /* Assets.xcassets in Resources */,
			);
			runOnlyForDeploymentPostprocessing = 0;
		};
/* End PBXResourcesBuildPhase section */

/* Begin PBXShellScriptBuildPhase section */
		BF8748D32BBF4374003493D5 /* ShellScript */ = {
			isa = PBXShellScriptBuildPhase;
			buildActionMask = 2147483647;
			files = (
			);
			inputFileListPaths = (
			);
			inputPaths = (
			);
			outputFileListPaths = (
			);
			outputPaths = (
			);
			runOnlyForDeploymentPostprocessing = 0;
			shellPath = /bin/sh;
			shellScript = "cd \"$SRCROOT/../../..\"\n./gradlew :samples:sample-core:shared:embedAndSignAppleFrameworkForXcode\n";
		};
		BF8748E72BBF4507003493D5 /* ShellScript */ = {
			isa = PBXShellScriptBuildPhase;
			buildActionMask = 2147483647;
			files = (
			);
			inputFileListPaths = (
			);
			inputPaths = (
			);
			outputFileListPaths = (
			);
			outputPaths = (
			);
			runOnlyForDeploymentPostprocessing = 0;
			shellPath = /bin/sh;
			shellScript = "cd \"$SRCROOT/../../..\"\n./gradlew :samples:sample-core:shared:embedAndSignAppleFrameworkForXcode\n";
		};
		BF8748FA2BBF45F5003493D5 /* ShellScript */ = {
			isa = PBXShellScriptBuildPhase;
			buildActionMask = 2147483647;
			files = (
			);
			inputFileListPaths = (
			);
			inputPaths = (
			);
			outputFileListPaths = (
			);
			outputPaths = (
			);
			runOnlyForDeploymentPostprocessing = 0;
			shellPath = /bin/sh;
			shellScript = "cd \"$SRCROOT/../../..\"\n./gradlew :samples:sample-core:composeApp:embedAndSignAppleFrameworkForXcode\n";
		};
/* End PBXShellScriptBuildPhase section */

/* Begin PBXSourcesBuildPhase section */
		BF8748C12BBF4342003493D5 /* Sources */ = {
			isa = PBXSourcesBuildPhase;
			buildActionMask = 2147483647;
			files = (
				BFCCCB652BEE1E5B00749584 /* KMPObservableViewModel.swift in Sources */,
				BF8748CA2BBF4342003493D5 /* ContentView.swift in Sources */,
				BF8748C82BBF4342003493D5 /* iOSApp.swift in Sources */,
			);
			runOnlyForDeploymentPostprocessing = 0;
		};
		BF8748D42BBF44E4003493D5 /* Sources */ = {
			isa = PBXSourcesBuildPhase;
			buildActionMask = 2147483647;
			files = (
				BF104B0C2BED41390046917B /* KMPObservableViewModel.swift in Sources */,
				BF8748DD2BBF44E4003493D5 /* ContentView.swift in Sources */,
				BF8748DB2BBF44E4003493D5 /* macOSApp.swift in Sources */,
			);
			runOnlyForDeploymentPostprocessing = 0;
		};
		BF8748E82BBF45B9003493D5 /* Sources */ = {
			isa = PBXSourcesBuildPhase;
			buildActionMask = 2147483647;
			files = (
				BF8748F12BBF45B9003493D5 /* ContentView.swift in Sources */,
				BF8748EF2BBF45B9003493D5 /* iOSAppCompose.swift in Sources */,
			);
			runOnlyForDeploymentPostprocessing = 0;
		};
/* End PBXSourcesBuildPhase section */

/* Begin XCBuildConfiguration section */
		BF8748BC2BBF4280003493D5 /* Debug */ = {
			isa = XCBuildConfiguration;
			buildSettings = {
				ALWAYS_SEARCH_USER_PATHS = NO;
				ASSETCATALOG_COMPILER_GENERATE_SWIFT_ASSET_SYMBOL_EXTENSIONS = YES;
				CLANG_ANALYZER_NONNULL = YES;
				CLANG_ANALYZER_NUMBER_OBJECT_CONVERSION = YES_AGGRESSIVE;
				CLANG_CXX_LANGUAGE_STANDARD = "gnu++20";
				CLANG_ENABLE_MODULES = YES;
				CLANG_ENABLE_OBJC_ARC = YES;
				CLANG_ENABLE_OBJC_WEAK = YES;
				CLANG_WARN_BLOCK_CAPTURE_AUTORELEASING = YES;
				CLANG_WARN_BOOL_CONVERSION = YES;
				CLANG_WARN_COMMA = YES;
				CLANG_WARN_CONSTANT_CONVERSION = YES;
				CLANG_WARN_DEPRECATED_OBJC_IMPLEMENTATIONS = YES;
				CLANG_WARN_DIRECT_OBJC_ISA_USAGE = YES_ERROR;
				CLANG_WARN_DOCUMENTATION_COMMENTS = YES;
				CLANG_WARN_EMPTY_BODY = YES;
				CLANG_WARN_ENUM_CONVERSION = YES;
				CLANG_WARN_INFINITE_RECURSION = YES;
				CLANG_WARN_INT_CONVERSION = YES;
				CLANG_WARN_NON_LITERAL_NULL_CONVERSION = YES;
				CLANG_WARN_OBJC_IMPLICIT_RETAIN_SELF = YES;
				CLANG_WARN_OBJC_LITERAL_CONVERSION = YES;
				CLANG_WARN_OBJC_ROOT_CLASS = YES_ERROR;
				CLANG_WARN_QUOTED_INCLUDE_IN_FRAMEWORK_HEADER = YES;
				CLANG_WARN_RANGE_LOOP_ANALYSIS = YES;
				CLANG_WARN_STRICT_PROTOTYPES = YES;
				CLANG_WARN_SUSPICIOUS_MOVE = YES;
				CLANG_WARN_UNGUARDED_AVAILABILITY = YES_AGGRESSIVE;
				CLANG_WARN_UNREACHABLE_CODE = YES;
				CLANG_WARN__DUPLICATE_METHOD_MATCH = YES;
				COPY_PHASE_STRIP = NO;
				DEBUG_INFORMATION_FORMAT = dwarf;
				ENABLE_STRICT_OBJC_MSGSEND = YES;
				ENABLE_TESTABILITY = YES;
				ENABLE_USER_SCRIPT_SANDBOXING = YES;
				GCC_C_LANGUAGE_STANDARD = gnu17;
				GCC_DYNAMIC_NO_PIC = NO;
				GCC_NO_COMMON_BLOCKS = YES;
				GCC_OPTIMIZATION_LEVEL = 0;
				GCC_PREPROCESSOR_DEFINITIONS = (
					"DEBUG=1",
					"$(inherited)",
				);
				GCC_WARN_64_TO_32_BIT_CONVERSION = YES;
				GCC_WARN_ABOUT_RETURN_TYPE = YES_ERROR;
				GCC_WARN_UNDECLARED_SELECTOR = YES;
				GCC_WARN_UNINITIALIZED_AUTOS = YES_AGGRESSIVE;
				GCC_WARN_UNUSED_FUNCTION = YES;
				GCC_WARN_UNUSED_VARIABLE = YES;
				IPHONEOS_DEPLOYMENT_TARGET = 17.4;
				LOCALIZATION_PREFERS_STRING_CATALOGS = YES;
				MTL_ENABLE_DEBUG_INFO = INCLUDE_SOURCE;
				MTL_FAST_MATH = YES;
				ONLY_ACTIVE_ARCH = YES;
				SDKROOT = iphoneos;
				SWIFT_ACTIVE_COMPILATION_CONDITIONS = "DEBUG $(inherited)";
				SWIFT_OPTIMIZATION_LEVEL = "-Onone";
			};
			name = Debug;
		};
		BF8748BD2BBF4280003493D5 /* Release */ = {
			isa = XCBuildConfiguration;
			buildSettings = {
				ALWAYS_SEARCH_USER_PATHS = NO;
				ASSETCATALOG_COMPILER_GENERATE_SWIFT_ASSET_SYMBOL_EXTENSIONS = YES;
				CLANG_ANALYZER_NONNULL = YES;
				CLANG_ANALYZER_NUMBER_OBJECT_CONVERSION = YES_AGGRESSIVE;
				CLANG_CXX_LANGUAGE_STANDARD = "gnu++20";
				CLANG_ENABLE_MODULES = YES;
				CLANG_ENABLE_OBJC_ARC = YES;
				CLANG_ENABLE_OBJC_WEAK = YES;
				CLANG_WARN_BLOCK_CAPTURE_AUTORELEASING = YES;
				CLANG_WARN_BOOL_CONVERSION = YES;
				CLANG_WARN_COMMA = YES;
				CLANG_WARN_CONSTANT_CONVERSION = YES;
				CLANG_WARN_DEPRECATED_OBJC_IMPLEMENTATIONS = YES;
				CLANG_WARN_DIRECT_OBJC_ISA_USAGE = YES_ERROR;
				CLANG_WARN_DOCUMENTATION_COMMENTS = YES;
				CLANG_WARN_EMPTY_BODY = YES;
				CLANG_WARN_ENUM_CONVERSION = YES;
				CLANG_WARN_INFINITE_RECURSION = YES;
				CLANG_WARN_INT_CONVERSION = YES;
				CLANG_WARN_NON_LITERAL_NULL_CONVERSION = YES;
				CLANG_WARN_OBJC_IMPLICIT_RETAIN_SELF = YES;
				CLANG_WARN_OBJC_LITERAL_CONVERSION = YES;
				CLANG_WARN_OBJC_ROOT_CLASS = YES_ERROR;
				CLANG_WARN_QUOTED_INCLUDE_IN_FRAMEWORK_HEADER = YES;
				CLANG_WARN_RANGE_LOOP_ANALYSIS = YES;
				CLANG_WARN_STRICT_PROTOTYPES = YES;
				CLANG_WARN_SUSPICIOUS_MOVE = YES;
				CLANG_WARN_UNGUARDED_AVAILABILITY = YES_AGGRESSIVE;
				CLANG_WARN_UNREACHABLE_CODE = YES;
				CLANG_WARN__DUPLICATE_METHOD_MATCH = YES;
				COPY_PHASE_STRIP = NO;
				DEBUG_INFORMATION_FORMAT = "dwarf-with-dsym";
				ENABLE_NS_ASSERTIONS = NO;
				ENABLE_STRICT_OBJC_MSGSEND = YES;
				ENABLE_USER_SCRIPT_SANDBOXING = YES;
				GCC_C_LANGUAGE_STANDARD = gnu17;
				GCC_NO_COMMON_BLOCKS = YES;
				GCC_WARN_64_TO_32_BIT_CONVERSION = YES;
				GCC_WARN_ABOUT_RETURN_TYPE = YES_ERROR;
				GCC_WARN_UNDECLARED_SELECTOR = YES;
				GCC_WARN_UNINITIALIZED_AUTOS = YES_AGGRESSIVE;
				GCC_WARN_UNUSED_FUNCTION = YES;
				GCC_WARN_UNUSED_VARIABLE = YES;
				IPHONEOS_DEPLOYMENT_TARGET = 17.4;
				LOCALIZATION_PREFERS_STRING_CATALOGS = YES;
				MTL_ENABLE_DEBUG_INFO = NO;
				MTL_FAST_MATH = YES;
				SDKROOT = iphoneos;
				SWIFT_COMPILATION_MODE = wholemodule;
				VALIDATE_PRODUCT = YES;
			};
			name = Release;
		};
		BF8748D12BBF4343003493D5 /* Debug */ = {
			isa = XCBuildConfiguration;
			buildSettings = {
				ASSETCATALOG_COMPILER_APPICON_NAME = AppIcon;
				ASSETCATALOG_COMPILER_GLOBAL_ACCENT_COLOR_NAME = AccentColor;
				CODE_SIGN_STYLE = Automatic;
				CURRENT_PROJECT_VERSION = 1;
				DEVELOPMENT_ASSET_PATHS = "\"iOSApp/Preview Content\"";
				DEVELOPMENT_TEAM = P5Q7S5CKC9;
				ENABLE_PREVIEWS = YES;
				ENABLE_USER_SCRIPT_SANDBOXING = NO;
				FRAMEWORK_SEARCH_PATHS = "";
				GENERATE_INFOPLIST_FILE = YES;
				INFOPLIST_KEY_UIApplicationSceneManifest_Generation = YES;
				INFOPLIST_KEY_UIApplicationSupportsIndirectInputEvents = YES;
				INFOPLIST_KEY_UILaunchScreen_Generation = YES;
				INFOPLIST_KEY_UISupportedInterfaceOrientations_iPad = "UIInterfaceOrientationPortrait UIInterfaceOrientationPortraitUpsideDown UIInterfaceOrientationLandscapeLeft UIInterfaceOrientationLandscapeRight";
				INFOPLIST_KEY_UISupportedInterfaceOrientations_iPhone = "UIInterfaceOrientationPortrait UIInterfaceOrientationLandscapeLeft UIInterfaceOrientationLandscapeRight";
				LD_RUNPATH_SEARCH_PATHS = (
					"$(inherited)",
					"@executable_path/Frameworks",
				);
				MARKETING_VERSION = 1.0;
				PRODUCT_BUNDLE_IDENTIFIER = com.ebfstudio.filekit.sample.iOSApp;
				PRODUCT_NAME = "$(TARGET_NAME)";
				SWIFT_EMIT_LOC_STRINGS = YES;
				SWIFT_VERSION = 5.0;
				TARGETED_DEVICE_FAMILY = "1,2";
			};
			name = Debug;
		};
		BF8748D22BBF4343003493D5 /* Release */ = {
			isa = XCBuildConfiguration;
			buildSettings = {
				ASSETCATALOG_COMPILER_APPICON_NAME = AppIcon;
				ASSETCATALOG_COMPILER_GLOBAL_ACCENT_COLOR_NAME = AccentColor;
				CODE_SIGN_STYLE = Automatic;
				CURRENT_PROJECT_VERSION = 1;
				DEVELOPMENT_ASSET_PATHS = "\"iOSApp/Preview Content\"";
				DEVELOPMENT_TEAM = P5Q7S5CKC9;
				ENABLE_PREVIEWS = YES;
				ENABLE_USER_SCRIPT_SANDBOXING = NO;
				FRAMEWORK_SEARCH_PATHS = "";
				GENERATE_INFOPLIST_FILE = YES;
				INFOPLIST_KEY_UIApplicationSceneManifest_Generation = YES;
				INFOPLIST_KEY_UIApplicationSupportsIndirectInputEvents = YES;
				INFOPLIST_KEY_UILaunchScreen_Generation = YES;
				INFOPLIST_KEY_UISupportedInterfaceOrientations_iPad = "UIInterfaceOrientationPortrait UIInterfaceOrientationPortraitUpsideDown UIInterfaceOrientationLandscapeLeft UIInterfaceOrientationLandscapeRight";
				INFOPLIST_KEY_UISupportedInterfaceOrientations_iPhone = "UIInterfaceOrientationPortrait UIInterfaceOrientationLandscapeLeft UIInterfaceOrientationLandscapeRight";
				LD_RUNPATH_SEARCH_PATHS = (
					"$(inherited)",
					"@executable_path/Frameworks",
				);
				MARKETING_VERSION = 1.0;
				PRODUCT_BUNDLE_IDENTIFIER = com.ebfstudio.filekit.sample.iOSApp;
				PRODUCT_NAME = "$(TARGET_NAME)";
				SWIFT_EMIT_LOC_STRINGS = YES;
				SWIFT_VERSION = 5.0;
				TARGETED_DEVICE_FAMILY = "1,2";
			};
			name = Release;
		};
		BF8748E52BBF44E6003493D5 /* Debug */ = {
			isa = XCBuildConfiguration;
			buildSettings = {
				ASSETCATALOG_COMPILER_APPICON_NAME = AppIcon;
				ASSETCATALOG_COMPILER_GLOBAL_ACCENT_COLOR_NAME = AccentColor;
				CODE_SIGN_ENTITLEMENTS = macOSApp/macOSApp.entitlements;
				CODE_SIGN_STYLE = Automatic;
				COMBINE_HIDPI_IMAGES = YES;
				CURRENT_PROJECT_VERSION = 1;
				DEVELOPMENT_ASSET_PATHS = "\"macOSApp/Preview Content\"";
				DEVELOPMENT_TEAM = P5Q7S5CKC9;
				ENABLE_HARDENED_RUNTIME = YES;
				ENABLE_PREVIEWS = YES;
				ENABLE_USER_SCRIPT_SANDBOXING = NO;
				FRAMEWORK_SEARCH_PATHS = "";
				GENERATE_INFOPLIST_FILE = YES;
				INFOPLIST_KEY_NSHumanReadableCopyright = "";
				LD_RUNPATH_SEARCH_PATHS = (
					"$(inherited)",
					"@executable_path/../Frameworks",
				);
				MACOSX_DEPLOYMENT_TARGET = 14.4;
				MARKETING_VERSION = 1.0;
				PRODUCT_BUNDLE_IDENTIFIER = com.ebfstudio.filekit.sample.macOSApp;
				PRODUCT_NAME = "$(TARGET_NAME)";
				SDKROOT = macosx;
				SWIFT_EMIT_LOC_STRINGS = YES;
				SWIFT_VERSION = 5.0;
			};
			name = Debug;
		};
		BF8748E62BBF44E6003493D5 /* Release */ = {
			isa = XCBuildConfiguration;
			buildSettings = {
				ASSETCATALOG_COMPILER_APPICON_NAME = AppIcon;
				ASSETCATALOG_COMPILER_GLOBAL_ACCENT_COLOR_NAME = AccentColor;
				CODE_SIGN_ENTITLEMENTS = macOSApp/macOSApp.entitlements;
				CODE_SIGN_STYLE = Automatic;
				COMBINE_HIDPI_IMAGES = YES;
				CURRENT_PROJECT_VERSION = 1;
				DEVELOPMENT_ASSET_PATHS = "\"macOSApp/Preview Content\"";
				DEVELOPMENT_TEAM = P5Q7S5CKC9;
				ENABLE_HARDENED_RUNTIME = YES;
				ENABLE_PREVIEWS = YES;
				ENABLE_USER_SCRIPT_SANDBOXING = NO;
				FRAMEWORK_SEARCH_PATHS = "";
				GENERATE_INFOPLIST_FILE = YES;
				INFOPLIST_KEY_NSHumanReadableCopyright = "";
				LD_RUNPATH_SEARCH_PATHS = (
					"$(inherited)",
					"@executable_path/../Frameworks",
				);
				MACOSX_DEPLOYMENT_TARGET = 14.4;
				MARKETING_VERSION = 1.0;
				PRODUCT_BUNDLE_IDENTIFIER = com.ebfstudio.filekit.sample.macOSApp;
				PRODUCT_NAME = "$(TARGET_NAME)";
				SDKROOT = macosx;
				SWIFT_EMIT_LOC_STRINGS = YES;
				SWIFT_VERSION = 5.0;
			};
			name = Release;
		};
		BF8748F82BBF45BA003493D5 /* Debug */ = {
			isa = XCBuildConfiguration;
			buildSettings = {
				ASSETCATALOG_COMPILER_APPICON_NAME = AppIcon;
				ASSETCATALOG_COMPILER_GLOBAL_ACCENT_COLOR_NAME = AccentColor;
				CODE_SIGN_STYLE = Automatic;
				CURRENT_PROJECT_VERSION = 1;
				DEVELOPMENT_ASSET_PATHS = "\"iOSAppCompose/Preview Content\"";
				DEVELOPMENT_TEAM = P5Q7S5CKC9;
				ENABLE_PREVIEWS = YES;
				ENABLE_USER_SCRIPT_SANDBOXING = NO;
				FRAMEWORK_SEARCH_PATHS = "";
				GENERATE_INFOPLIST_FILE = YES;
				INFOPLIST_KEY_UIApplicationSceneManifest_Generation = YES;
				INFOPLIST_KEY_UIApplicationSupportsIndirectInputEvents = YES;
				INFOPLIST_KEY_UILaunchScreen_Generation = YES;
				INFOPLIST_KEY_UISupportedInterfaceOrientations_iPad = "UIInterfaceOrientationPortrait UIInterfaceOrientationPortraitUpsideDown UIInterfaceOrientationLandscapeLeft UIInterfaceOrientationLandscapeRight";
				INFOPLIST_KEY_UISupportedInterfaceOrientations_iPhone = "UIInterfaceOrientationPortrait UIInterfaceOrientationLandscapeLeft UIInterfaceOrientationLandscapeRight";
				LD_RUNPATH_SEARCH_PATHS = (
					"$(inherited)",
					"@executable_path/Frameworks",
				);
				MARKETING_VERSION = 1.0;
				PRODUCT_BUNDLE_IDENTIFIER = com.ebfstudio.filekit.sample.iOSAppCompose;
				PRODUCT_NAME = "$(TARGET_NAME)";
				SWIFT_EMIT_LOC_STRINGS = YES;
				SWIFT_VERSION = 5.0;
				TARGETED_DEVICE_FAMILY = "1,2";
			};
			name = Debug;
		};
		BF8748F92BBF45BA003493D5 /* Release */ = {
			isa = XCBuildConfiguration;
			buildSettings = {
				ASSETCATALOG_COMPILER_APPICON_NAME = AppIcon;
				ASSETCATALOG_COMPILER_GLOBAL_ACCENT_COLOR_NAME = AccentColor;
				CODE_SIGN_STYLE = Automatic;
				CURRENT_PROJECT_VERSION = 1;
				DEVELOPMENT_ASSET_PATHS = "\"iOSAppCompose/Preview Content\"";
				DEVELOPMENT_TEAM = P5Q7S5CKC9;
				ENABLE_PREVIEWS = YES;
				ENABLE_USER_SCRIPT_SANDBOXING = NO;
				FRAMEWORK_SEARCH_PATHS = "";
				GENERATE_INFOPLIST_FILE = YES;
				INFOPLIST_KEY_UIApplicationSceneManifest_Generation = YES;
				INFOPLIST_KEY_UIApplicationSupportsIndirectInputEvents = YES;
				INFOPLIST_KEY_UILaunchScreen_Generation = YES;
				INFOPLIST_KEY_UISupportedInterfaceOrientations_iPad = "UIInterfaceOrientationPortrait UIInterfaceOrientationPortraitUpsideDown UIInterfaceOrientationLandscapeLeft UIInterfaceOrientationLandscapeRight";
				INFOPLIST_KEY_UISupportedInterfaceOrientations_iPhone = "UIInterfaceOrientationPortrait UIInterfaceOrientationLandscapeLeft UIInterfaceOrientationLandscapeRight";
				LD_RUNPATH_SEARCH_PATHS = (
					"$(inherited)",
					"@executable_path/Frameworks",
				);
				MARKETING_VERSION = 1.0;
				PRODUCT_BUNDLE_IDENTIFIER = com.ebfstudio.filekit.sample.iOSAppCompose;
				PRODUCT_NAME = "$(TARGET_NAME)";
				SWIFT_EMIT_LOC_STRINGS = YES;
				SWIFT_VERSION = 5.0;
				TARGETED_DEVICE_FAMILY = "1,2";
			};
			name = Release;
		};
/* End XCBuildConfiguration section */

/* Begin XCConfigurationList section */
		BF8748AB2BBF427F003493D5 /* Build configuration list for PBXProject "PickerKotlinSampleCore" */ = {
			isa = XCConfigurationList;
			buildConfigurations = (
				BF8748BC2BBF4280003493D5 /* Debug */,
				BF8748BD2BBF4280003493D5 /* Release */,
			);
			defaultConfigurationIsVisible = 0;
			defaultConfigurationName = Release;
		};
		BF8748D02BBF4343003493D5 /* Build configuration list for PBXNativeTarget "iOSApp" */ = {
			isa = XCConfigurationList;
			buildConfigurations = (
				BF8748D12BBF4343003493D5 /* Debug */,
				BF8748D22BBF4343003493D5 /* Release */,
			);
			defaultConfigurationIsVisible = 0;
			defaultConfigurationName = Release;
		};
		BF8748E42BBF44E6003493D5 /* Build configuration list for PBXNativeTarget "macOSApp" */ = {
			isa = XCConfigurationList;
			buildConfigurations = (
				BF8748E52BBF44E6003493D5 /* Debug */,
				BF8748E62BBF44E6003493D5 /* Release */,
			);
			defaultConfigurationIsVisible = 0;
			defaultConfigurationName = Release;
		};
		BF8748F72BBF45BA003493D5 /* Build configuration list for PBXNativeTarget "iOSAppCompose" */ = {
			isa = XCConfigurationList;
			buildConfigurations = (
				BF8748F82BBF45BA003493D5 /* Debug */,
				BF8748F92BBF45BA003493D5 /* Release */,
			);
			defaultConfigurationIsVisible = 0;
			defaultConfigurationName = Release;
		};
/* End XCConfigurationList section */

/* Begin XCRemoteSwiftPackageReference section */
		BF104B0A2BED40C40046917B /* XCRemoteSwiftPackageReference "KMM-ViewModel" */ = {
			isa = XCRemoteSwiftPackageReference;
			repositoryURL = "https://github.com/rickclephas/KMM-ViewModel.git";
			requirement = {
				kind = exactVersion;
				version = "1.0.0-ALPHA-20";
			};
		};
		BF82DACC2BFA279E00832E4D /* XCRemoteSwiftPackageReference "KMP-ObservableViewModel" */ = {
			isa = XCRemoteSwiftPackageReference;
			repositoryURL = "https://github.com/rickclephas/KMP-ObservableViewModel.git";
			requirement = {
				branch = master;
				kind = branch;
			};
		};
/* End XCRemoteSwiftPackageReference section */

/* Begin XCSwiftPackageProductDependency section */
		BF82DACF2BFA279E00832E4D /* KMPObservableViewModelSwiftUI */ = {
			isa = XCSwiftPackageProductDependency;
			package = BF82DACC2BFA279E00832E4D /* XCRemoteSwiftPackageReference "KMP-ObservableViewModel" */;
			productName = KMPObservableViewModelSwiftUI;
		};
		BF82DAD12BFA27C200832E4D /* KMPObservableViewModelSwiftUI */ = {
			isa = XCSwiftPackageProductDependency;
			package = BF82DACC2BFA279E00832E4D /* XCRemoteSwiftPackageReference "KMP-ObservableViewModel" */;
			productName = KMPObservableViewModelSwiftUI;
		};
/* End XCSwiftPackageProductDependency section */
	};
	rootObject = BF8748A82BBF427F003493D5 /* Project object */;
}
